
Microsoft Visual Studio Solution File, Format Version 12.00
# Visual Studio Version 16
VisualStudioVersion = 16.0.31205.134
MinimumVisualStudioVersion = 10.0.40219.1
Project("{9A19103F-16F7-4668-BE54-9A1E7A4F7556}") = "PersonEvents-WebApp", "PersonEvents-WebApp.csproj", "{A95BABAF-26E4-4C59-836F-3EA620882336}"
EndProject
Project("{9A19103F-16F7-4668-BE54-9A1E7A4F7556}") = "PersonEvents-SignalR-Client", "..\PersonEvents-SignalR-Client\PersonEvents-SignalR-Client.csproj", "{4F1A13D0-2A27-4411-922F-E9FC6D371686}"
EndProject
Project("{2150E333-8FDC-42A3-9474-1A3956D46DE8}") = "Database Scripts", "Database Scripts", "{E28C6775-B906-4807-8EF5-0E47A1C2EDE0}"
	ProjectSection(SolutionItems) = preProject
		..\Table scripts.sql = ..\Table scripts.sql
	EndProjectSection
EndProject
Global
	GlobalSection(SolutionConfigurationPlatforms) = preSolution
		Debug|Any CPU = Debug|Any CPU
		Release|Any CPU = Release|Any CPU
	EndGlobalSection
	GlobalSection(ProjectConfigurationPlatforms) = postSolution
		{A95BABAF-26E4-4C59-836F-3EA620882336}.Debug|Any CPU.ActiveCfg = Debug|Any CPU
		{A95BABAF-26E4-4C59-836F-3EA620882336}.Debug|Any CPU.Build.0 = Debug|Any CPU
		{A95BABAF-26E4-4C59-836F-3EA620882336}.Release|Any CPU.ActiveCfg = Release|Any CPU
		{A95BABAF-26E4-4C59-836F-3EA620882336}.Release|Any CPU.Build.0 = Release|Any CPU
		{4F1A13D0-2A27-4411-922F-E9FC6D371686}.Debug|Any CPU.ActiveCfg = Debug|Any CPU
		{4F1A13D0-2A27-4411-922F-E9FC6D371686}.Debug|Any CPU.Build.0 = Debug|Any CPU
		{4F1A13D0-2A27-4411-922F-E9FC6D371686}.Release|Any CPU.ActiveCfg = Release|Any CPU
		{4F1A13D0-2A27-4411-922F-E9FC6D371686}.Release|Any CPU.Build.0 = Release|Any CPU
	EndGlobalSection
	GlobalSection(SolutionProperties) = preSolution
		HideSolutionNode = FALSE
	EndGlobalSection
	GlobalSection(ExtensibilityGlobals) = postSolution
		SolutionGuid = {B72B8288-AA4B-46D3-9539-4D1CFFFFF0C9}
	EndGlobalSection
EndGlobal
